{
    "_readme": [
        "This file locks the dependencies of your project to a known state",
        "Read more about it at https://getcomposer.org/doc/01-basic-usage.md#installing-dependencies",
        "This file is @generated automatically"
    ],
    "content-hash": "22fec513b5f23e40f3ba1b1adfb81e9a",
    "packages": [
        {
            "name": "firebase/php-jwt",
            "version": "6.x-dev",
            "source": {
                "type": "git",
                "url": "https://github.com/firebase/php-jwt.git",
                "reference": "d1e91ecf8c598d073d0995afa8cd5c75c6e19e66"
            },
            "dist": {
                "type": "zip",
                "url": "https://api.github.com/repos/firebase/php-jwt/zipball/d1e91ecf8c598d073d0995afa8cd5c75c6e19e66",
                "reference": "d1e91ecf8c598d073d0995afa8cd5c75c6e19e66",
                "shasum": ""
            },
            "require": {
                "php": "^8.0"
            },
            "require-dev": {
                "guzzlehttp/guzzle": "^7.4",
                "phpspec/prophecy-phpunit": "^2.0",
                "phpunit/phpunit": "^9.5",
                "psr/cache": "^2.0||^3.0",
                "psr/http-client": "^1.0",
                "psr/http-factory": "^1.0"
            },
            "suggest": {
                "ext-sodium": "Support EdDSA (Ed25519) signatures",
                "paragonie/sodium_compat": "Support EdDSA (Ed25519) signatures when libsodium is not present"
            },
            "type": "library",
            "autoload": {
                "psr-4": {
                    "Firebase\\JWT\\": "src"
                }
            },
            "notification-url": "https://packagist.org/downloads/",
            "license": [
                "BSD-3-Clause"
            ],
            "authors": [
                {
                    "name": "Neuman Vong",
                    "email": "neuman+pear@twilio.com",
                    "role": "Developer"
                },
                {
                    "name": "Anant Narayanan",
                    "email": "anant@php.net",
                    "role": "Developer"
                }
            ],
            "description": "A simple library to encode and decode JSON Web Tokens (JWT) in PHP. Should conform to the current spec.",
            "homepage": "https://github.com/firebase/php-jwt",
            "keywords": [
                "jwt",
                "php"
            ],
            "support": {
                "issues": "https://github.com/firebase/php-jwt/issues",
                "source": "https://github.com/firebase/php-jwt/tree/v6.11.1"
            },
            "time": "2025-04-09T20:32:01+00:00"
        },
        {
            "name": "nette/caching",
            "version": "v3.4.1",
            "source": {
                "type": "git",
                "url": "https://github.com/nette/caching.git",
                "reference": "7133d653156b3b9fac2f6f0b5ba35fa020a94e8c"
            },
            "dist": {
                "type": "zip",
                "url": "https://api.github.com/repos/nette/caching/zipball/7133d653156b3b9fac2f6f0b5ba35fa020a94e8c",
                "reference": "7133d653156b3b9fac2f6f0b5ba35fa020a94e8c",
                "shasum": ""
            },
            "require": {
                "nette/utils": "^4.0",
                "php": "8.1 - 8.5"
            },
            "conflict": {
                "latte/latte": "<3.0.12"
            },
            "require-dev": {
                "latte/latte": "^3.0.12",
                "nette/di": "^3.1 || ^4.0",
                "nette/phpstan-rules": "^1.0",
                "nette/tester": "^2.6",
                "phpstan/extension-installer": "^1.4@stable",
                "phpstan/phpstan": "^2.1.40@stable",
                "psr/simple-cache": "^2.0 || ^3.0",
                "tracy/tracy": "^2.9"
            },
            "suggest": {
                "ext-pdo_sqlite": "to use SQLiteStorage or SQLiteJournal"
            },
            "type": "library",
            "extra": {
                "branch-alias": {
                    "dev-master": "3.4-dev"
                }
            },
            "autoload": {
                "psr-4": {
                    "Nette\\": "src"
                },
                "classmap": [
                    "src/"
                ]
            },
            "notification-url": "https://packagist.org/downloads/",
            "license": [
                "BSD-3-Clause",
                "GPL-2.0-only",
                "GPL-3.0-only"
            ],
            "authors": [
                {
                    "name": "David Grudl",
                    "homepage": "https://davidgrudl.com"
                },
                {
                    "name": "Nette Community",
                    "homepage": "https://nette.org/contributors"
                }
            ],
            "description": "⏱ Nette Caching: library with easy-to-use API and many cache backends.",
            "homepage": "https://nette.org",
            "keywords": [
                "cache",
                "journal",
                "memcached",
                "nette",
                "sqlite"
            ],
            "support": {
                "issues": "https://github.com/nette/caching/issues",
                "source": "https://github.com/nette/caching/tree/v3.4.1"
            },
            "time": "2026-02-25T23:23:41+00:00"
        },
        {
            "name": "nette/database",
            "version": "v4.0.0-RC1",
            "source": {
                "type": "git",
                "url": "https://github.com/nette/database.git",
                "reference": "0084e7360ba877e8a16c4bdf79c86bd8440c6242"
            },
            "dist": {
                "type": "zip",
                "url": "https://api.github.com/repos/nette/database/zipball/0084e7360ba877e8a16c4bdf79c86bd8440c6242",
                "reference": "0084e7360ba877e8a16c4bdf79c86bd8440c6242",
                "shasum": ""
            },
            "require": {
                "ext-pdo": "*",
                "nette/caching": "^3.2",
                "nette/utils": "^4.0",
                "php": "8.1 - 8.4"
            },
            "require-dev": {
                "jetbrains/phpstorm-attributes": "^1.0",
                "mockery/mockery": "^1.6",
                "nette/di": "^3.1",
                "nette/tester": "^2.5",
                "phpstan/phpstan-nette": "^1.0",
                "tracy/tracy": "^2.9"
            },
            "type": "library",
            "extra": {
                "branch-alias": {
                    "dev-master": "4.0-dev"
                }
            },
            "autoload": {
                "classmap": [
                    "src/"
                ]
            },
            "notification-url": "https://packagist.org/downloads/",
            "license": [
                "BSD-3-Clause",
                "GPL-2.0-only",
                "GPL-3.0-only"
            ],
            "authors": [
                {
                    "name": "David Grudl",
                    "homepage": "https://davidgrudl.com"
                },
                {
                    "name": "Nette Community",
                    "homepage": "https://nette.org/contributors"
                }
            ],
            "description": "💾 Nette Database: layer with a familiar PDO-like API but much more powerful. Building queries, advanced joins, drivers for MySQL, PostgreSQL, SQLite, MS SQL Server and Oracle.",
            "homepage": "https://nette.org",
            "keywords": [
                "database",
                "mssql",
                "mysql",
                "nette",
                "notorm",
                "oracle",
                "pdo",
                "postgresql",
                "queries",
                "sqlite"
            ],
            "support": {
                "issues": "https://github.com/nette/database/issues",
                "source": "https://github.com/nette/database/tree/v4.0.0-RC1"
            },
            "time": "2024-08-29T04:58:31+00:00"
        },
        {
            "name": "nette/http",
            "version": "dev-master",
            "source": {
                "type": "git",
                "url": "https://github.com/nette/http.git",
                "reference": "e9359ac38c13a22680d583e159784157c584cf5b"
            },
            "dist": {
                "type": "zip",
                "url": "https://api.github.com/repos/nette/http/zipball/e9359ac38c13a22680d583e159784157c584cf5b",
                "reference": "e9359ac38c13a22680d583e159784157c584cf5b",
                "shasum": ""
            },
            "require": {
                "nette/utils": "^4.0.4",
                "php": "8.2 - 8.5"
            },
            "conflict": {
                "nette/di": "<3.0.3",
                "nette/schema": "<1.2"
            },
            "require-dev": {
                "nette/di": "^3.0",
                "nette/phpstan-rules": "^1.0",
                "nette/security": "^3.0",
                "nette/tester": "^2.6",
                "phpstan/extension-installer": "^1.4@stable",
                "phpstan/phpstan": "^2.1@stable",
                "tracy/tracy": "^2.8"
            },
            "suggest": {
                "ext-fileinfo": "to detect MIME type of uploaded files by Nette\\Http\\FileUpload",
                "ext-gd": "to use image function in Nette\\Http\\FileUpload",
                "ext-intl": "to support punycode by Nette\\Http\\Url",
                "ext-session": "to use Nette\\Http\\Session"
            },
            "default-branch": true,
            "type": "library",
            "extra": {
                "branch-alias": {
                    "dev-master": "4.0-dev"
                }
            },
            "autoload": {
                "psr-4": {
                    "Nette\\": "src"
                },
                "classmap": [
                    "src/"
                ]
            },
            "notification-url": "https://packagist.org/downloads/",
            "license": [
                "BSD-3-Clause",
                "GPL-2.0-only",
                "GPL-3.0-only"
            ],
            "authors": [
                {
                    "name": "David Grudl",
                    "homepage": "https://davidgrudl.com"
                },
                {
                    "name": "Nette Community",
                    "homepage": "https://nette.org/contributors"
                }
            ],
            "description": "🌐 Nette Http: abstraction for HTTP request, response and session. Provides careful data sanitization and utility for URL and cookies manipulation.",
            "homepage": "https://nette.org",
            "keywords": [
                "cookies",
                "http",
                "nette",
                "proxy",
                "request",
                "response",
                "security",
                "session",
                "url"
            ],
            "support": {
                "issues": "https://github.com/nette/http/issues",
                "source": "https://github.com/nette/http/tree/master"
            },
            "time": "2026-03-09T03:36:29+00:00"
        },
        {
            "name": "nette/mail",
            "version": "v4.1.0",
            "source": {
                "type": "git",
                "url": "https://github.com/nette/mail.git",
                "reference": "f5353b9fc673bab4b20785f10ca43359e82cc6f3"
            },
            "dist": {
                "type": "zip",
                "url": "https://api.github.com/repos/nette/mail/zipball/f5353b9fc673bab4b20785f10ca43359e82cc6f3",
                "reference": "f5353b9fc673bab4b20785f10ca43359e82cc6f3",
                "shasum": ""
            },
            "require": {
                "ext-iconv": "*",
                "nette/utils": "^4.1",
                "php": "8.2 - 8.5"
            },
            "require-dev": {
                "nette/di": "^3.1 || ^4.0",
                "nette/phpstan-rules": "^1.0",
                "nette/tester": "^2.6",
                "phpstan/extension-installer": "^1.4@stable",
                "phpstan/phpstan": "^2.1.40@stable",
                "tracy/tracy": "^2.11"
            },
            "suggest": {
                "ext-dom": "to use Nette\\Mail\\CssInliner",
                "ext-fileinfo": "to detect type of attached files",
                "ext-openssl": "to use Nette\\Mail\\DkimSigner"
            },
            "type": "library",
            "extra": {
                "branch-alias": {
                    "dev-master": "4.1-dev"
                }
            },
            "autoload": {
                "psr-4": {
                    "Nette\\": "src"
                },
                "classmap": [
                    "src/"
                ]
            },
            "notification-url": "https://packagist.org/downloads/",
            "license": [
                "BSD-3-Clause",
                "GPL-2.0-only",
                "GPL-3.0-only"
            ],
            "authors": [
                {
                    "name": "David Grudl",
                    "homepage": "https://davidgrudl.com"
                },
                {
                    "name": "Nette Community",
                    "homepage": "https://nette.org/contributors"
                }
            ],
            "description": "📧 Nette Mail: A handy library for creating and sending emails in PHP.",
            "homepage": "https://nette.org",
            "keywords": [
                "mail",
                "mailer",
                "mime",
                "nette",
                "smtp"
            ],
            "support": {
                "issues": "https://github.com/nette/mail/issues",
                "source": "https://github.com/nette/mail/tree/v4.1.0"
            },
            "time": "2026-03-27T02:03:02+00:00"
        },
        {
            "name": "nette/robot-loader",
            "version": "v4.1.2",
            "source": {
                "type": "git",
                "url": "https://github.com/nette/robot-loader.git",
                "reference": "ad3f4be7a9cd8a95ccc7596a1c4982a3b103d91e"
            },
            "dist": {
                "type": "zip",
                "url": "https://api.github.com/repos/nette/robot-loader/zipball/ad3f4be7a9cd8a95ccc7596a1c4982a3b103d91e",
                "reference": "ad3f4be7a9cd8a95ccc7596a1c4982a3b103d91e",
                "shasum": ""
            },
            "require": {
                "ext-tokenizer": "*",
                "nette/utils": "^4.0",
                "php": "8.1 - 8.5"
            },
            "require-dev": {
                "nette/phpstan-rules": "^1.0",
                "nette/tester": "^2.6",
                "phpstan/extension-installer": "^1.4@stable",
                "phpstan/phpstan": "^2.1.39@stable",
                "tracy/tracy": "^2.9"
            },
            "type": "library",
            "extra": {
                "branch-alias": {
                    "dev-master": "4.1-dev"
                }
            },
            "autoload": {
                "psr-4": {
                    "Nette\\": "src"
                },
                "classmap": [
                    "src/"
                ]
            },
            "notification-url": "https://packagist.org/downloads/",
            "license": [
                "BSD-3-Clause",
                "GPL-2.0-only",
                "GPL-3.0-only"
            ],
            "authors": [
                {
                    "name": "David Grudl",
                    "homepage": "https://davidgrudl.com"
                },
                {
                    "name": "Nette Community",
                    "homepage": "https://nette.org/contributors"
                }
            ],
            "description": "🍀 Nette RobotLoader: high performance and comfortable autoloader that will search and autoload classes within your application.",
            "homepage": "https://nette.org",
            "keywords": [
                "autoload",
                "class",
                "interface",
                "nette",
                "trait"
            ],
            "support": {
                "issues": "https://github.com/nette/robot-loader/issues",
                "source": "https://github.com/nette/robot-loader/tree/v4.1.2"
            },
            "time": "2026-02-23T04:18:24+00:00"
        },
        {
            "name": "nette/safe-stream",
            "version": "v3.0.4",
            "source": {
                "type": "git",
                "url": "https://github.com/nette/safe-stream.git",
                "reference": "f37cf82709f78550e752c599169289b9b73fdca1"
            },
            "dist": {
                "type": "zip",
                "url": "https://api.github.com/repos/nette/safe-stream/zipball/f37cf82709f78550e752c599169289b9b73fdca1",
                "reference": "f37cf82709f78550e752c599169289b9b73fdca1",
                "shasum": ""
            },
            "require": {
                "php": "8.0 - 8.5"
            },
            "require-dev": {
                "nette/phpstan-rules": "^1.0",
                "nette/tester": "^2.4",
                "phpstan/extension-installer": "^1.4@stable",
                "phpstan/phpstan": "^2.1@stable",
                "tracy/tracy": "^2.8"
            },
            "type": "library",
            "extra": {
                "branch-alias": {
                    "dev-master": "3.0-dev"
                }
            },
            "autoload": {
                "files": [
                    "src/loader.php"
                ],
                "classmap": [
                    "src/"
                ]
            },
            "notification-url": "https://packagist.org/downloads/",
            "license": [
                "BSD-3-Clause",
                "GPL-2.0-only",
                "GPL-3.0-only"
            ],
            "authors": [
                {
                    "name": "David Grudl",
                    "homepage": "https://davidgrudl.com"
                },
                {
                    "name": "Nette Community",
                    "homepage": "https://nette.org/contributors"
                }
            ],
            "description": "Nette SafeStream: provides isolation for thread safe manipulation with files via native PHP functions.",
            "homepage": "https://nette.org",
            "keywords": [
                "atomic",
                "filesystem",
                "isolation",
                "nette",
                "safe",
                "thread safe"
            ],
            "support": {
                "issues": "https://github.com/nette/safe-stream/issues",
                "source": "https://github.com/nette/safe-stream/tree/v3.0.4"
            },
            "time": "2026-02-23T03:33:58+00:00"
        },
        {
            "name": "nette/utils",
            "version": "v4.1.3",
            "source": {
                "type": "git",
                "url": "https://github.com/nette/utils.git",
                "reference": "bb3ea637e3d131d72acc033cfc2746ee893349fe"
            },
            "dist": {
                "type": "zip",
                "url": "https://api.github.com/repos/nette/utils/zipball/bb3ea637e3d131d72acc033cfc2746ee893349fe",
                "reference": "bb3ea637e3d131d72acc033cfc2746ee893349fe",
                "shasum": ""
            },
            "require": {
                "php": "8.2 - 8.5"
            },
            "conflict": {
                "nette/finder": "<3",
                "nette/schema": "<1.2.2"
            },
            "require-dev": {
                "jetbrains/phpstorm-attributes": "^1.2",
                "nette/phpstan-rules": "^1.0",
                "nette/tester": "^2.5",
                "phpstan/extension-installer": "^1.4@stable",
                "phpstan/phpstan": "^2.1@stable",
                "tracy/tracy": "^2.9"
            },
            "suggest": {
                "ext-gd": "to use Image",
                "ext-iconv": "to use Strings::webalize(), toAscii(), chr() and reverse()",
                "ext-intl": "to use Strings::webalize(), toAscii(), normalize() and compare()",
                "ext-json": "to use Nette\\Utils\\Json",
                "ext-mbstring": "to use Strings::lower() etc...",
                "ext-tokenizer": "to use Nette\\Utils\\Reflection::getUseStatements()"
            },
            "type": "library",
            "extra": {
                "branch-alias": {
                    "dev-master": "4.1-dev"
                }
            },
            "autoload": {
                "psr-4": {
                    "Nette\\": "src"
                },
                "classmap": [
                    "src/"
                ]
            },
            "notification-url": "https://packagist.org/downloads/",
            "license": [
                "BSD-3-Clause",
                "GPL-2.0-only",
                "GPL-3.0-only"
            ],
            "authors": [
                {
                    "name": "David Grudl",
                    "homepage": "https://davidgrudl.com"
                },
                {
                    "name": "Nette Community",
                    "homepage": "https://nette.org/contributors"
                }
            ],
            "description": "🛠  Nette Utils: lightweight utilities for string & array manipulation, image handling, safe JSON encoding/decoding, validation, slug or strong password generating etc.",
            "homepage": "https://nette.org",
            "keywords": [
                "array",
                "core",
                "datetime",
                "images",
                "json",
                "nette",
                "paginator",
                "password",
                "slugify",
                "string",
                "unicode",
                "utf-8",
                "utility",
                "validation"
            ],
            "support": {
                "issues": "https://github.com/nette/utils/issues",
                "source": "https://github.com/nette/utils/tree/v4.1.3"
            },
            "time": "2026-02-13T03:05:33+00:00"
        },
        {
            "name": "nikic/fast-route",
            "version": "v1.3.0",
            "source": {
                "type": "git",
                "url": "https://github.com/nikic/FastRoute.git",
                "reference": "181d480e08d9476e61381e04a71b34dc0432e812"
            },
            "dist": {
                "type": "zip",
                "url": "https://api.github.com/repos/nikic/FastRoute/zipball/181d480e08d9476e61381e04a71b34dc0432e812",
                "reference": "181d480e08d9476e61381e04a71b34dc0432e812",
                "shasum": ""
            },
            "require": {
                "php": ">=5.4.0"
            },
            "require-dev": {
                "phpunit/phpunit": "^4.8.35|~5.7"
            },
            "type": "library",
            "autoload": {
                "files": [
                    "src/functions.php"
                ],
                "psr-4": {
                    "FastRoute\\": "src/"
                }
            },
            "notification-url": "https://packagist.org/downloads/",
            "license": [
                "BSD-3-Clause"
            ],
            "authors": [
                {
                    "name": "Nikita Popov",
                    "email": "nikic@php.net"
                }
            ],
            "description": "Fast request router for PHP",
            "keywords": [
                "router",
                "routing"
            ],
            "support": {
                "issues": "https://github.com/nikic/FastRoute/issues",
                "source": "https://github.com/nikic/FastRoute/tree/master"
            },
            "time": "2018-02-13T20:26:39+00:00"
        }
    ],
    "packages-dev": [
        {
            "name": "nette/tester",
            "version": "v2.6.0",
            "source": {
                "type": "git",
                "url": "https://github.com/nette/tester.git",
                "reference": "0d416a3715ee7547f5e286aa7e65180f35467624"
            },
            "dist": {
                "type": "zip",
                "url": "https://api.github.com/repos/nette/tester/zipball/0d416a3715ee7547f5e286aa7e65180f35467624",
                "reference": "0d416a3715ee7547f5e286aa7e65180f35467624",
                "shasum": ""
            },
            "require": {
                "php": "8.0 - 8.5"
            },
            "require-dev": {
                "ext-simplexml": "*",
                "phpstan/phpstan": "^2.0@stable"
            },
            "bin": [
                "src/tester"
            ],
            "type": "library",
            "extra": {
                "branch-alias": {
                    "dev-master": "2.6-dev"
                }
            },
            "autoload": {
                "psr-4": {
                    "Tester\\": "src"
                },
                "classmap": [
                    "src/"
                ]
            },
            "notification-url": "https://packagist.org/downloads/",
            "license": [
                "BSD-3-Clause",
                "GPL-2.0-only",
                "GPL-3.0-only"
            ],
            "authors": [
                {
                    "name": "David Grudl",
                    "homepage": "https://davidgrudl.com"
                },
                {
                    "name": "Miloslav Hůla",
                    "homepage": "https://github.com/milo"
                },
                {
                    "name": "Nette Community",
                    "homepage": "https://nette.org/contributors"
                }
            ],
            "description": "Nette Tester: enjoyable unit testing in PHP with code coverage reporter. 🍏🍏🍎🍏",
            "homepage": "https://tester.nette.org",
            "keywords": [
                "Xdebug",
                "assertions",
                "clover",
                "code coverage",
                "nette",
                "pcov",
                "phpdbg",
                "phpunit",
                "testing",
                "unit"
            ],
            "support": {
                "issues": "https://github.com/nette/tester/issues",
                "source": "https://github.com/nette/tester/tree/v2.6.0"
            },
            "time": "2026-01-22T08:39:16+00:00"
        }
    ],
    "aliases": [],
    "minimum-stability": "dev",
    "stability-flags": {},
    "prefer-stable": true,
    "prefer-lowest": false,
    "platform": {
        "php": ">=8.3"
    },
    "platform-dev": {},
    "plugin-api-version": "2.9.0"
}
